// !$*UTF8*$!
{
	archiveVersion = 1;
	classes = {
	};
	objectVersion = 56;
	objects = {

/* Begin PBXBuildFile section */
		802CA0F529C2FBE100D5178D /* GistListViewController.swift in Sources */ = {isa = PBXBuildFile; fileRef = 802CA0F429C2FBE000D5178D /* GistListViewController.swift */; };
		802CA0F729C2FC7900D5178D /* GistListPresenter.swift in Sources */ = {isa = PBXBuildFile; fileRef = 802CA0F629C2FC7900D5178D /* GistListPresenter.swift */; };
		802CA0F929C2FCC200D5178D /* GistListInteractor.swift in Sources */ = {isa = PBXBuildFile; fileRef = 802CA0F829C2FCC200D5178D /* GistListInteractor.swift */; };
		802CA0FB29C2FCFD00D5178D /* GistListRouter.swift in Sources */ = {isa = PBXBuildFile; fileRef = 802CA0FA29C2FCFD00D5178D /* GistListRouter.swift */; };
		802CA0FD29C3092000D5178D /* GistListAssembly.swift in Sources */ = {isa = PBXBuildFile; fileRef = 802CA0FC29C3092000D5178D /* GistListAssembly.swift */; };
		809BA97F29B9FA9200BFA22F /* AppDelegate.swift in Sources */ = {isa = PBXBuildFile; fileRef = 809BA97E29B9FA9200BFA22F /* AppDelegate.swift */; };
		809BA98129B9FA9200BFA22F /* SceneDelegate.swift in Sources */ = {isa = PBXBuildFile; fileRef = 809BA98029B9FA9200BFA22F /* SceneDelegate.swift */; };
		809BA98829B9FA9300BFA22F /* Assets.xcassets in Resources */ = {isa = PBXBuildFile; fileRef = 809BA98729B9FA9300BFA22F /* Assets.xcassets */; };
		809BA98B29B9FA9300BFA22F /* LaunchScreen.storyboard in Resources */ = {isa = PBXBuildFile; fileRef = 809BA98929B9FA9300BFA22F /* LaunchScreen.storyboard */; };
		80F2B22829C323DD0073DD72 /* GistsFetchService.swift in Sources */ = {isa = PBXBuildFile; fileRef = 80F2B22729C323DD0073DD72 /* GistsFetchService.swift */; };
		80F2B22B29C324B60073DD72 /* Gist.swift in Sources */ = {isa = PBXBuildFile; fileRef = 80F2B22A29C324B60073DD72 /* Gist.swift */; };
		80F2B22E29C3263F0073DD72 /* NetworkService.swift in Sources */ = {isa = PBXBuildFile; fileRef = 80F2B22D29C3263F0073DD72 /* NetworkService.swift */; };
/* End PBXBuildFile section */

/* Begin PBXFileReference section */
		802CA0F429C2FBE000D5178D /* GistListViewController.swift */ = {isa = PBXFileReference; lastKnownFileType = sourcecode.swift; path = GistListViewController.swift; sourceTree = "<group>"; };
		802CA0F629C2FC7900D5178D /* GistListPresenter.swift */ = {isa = PBXFileReference; lastKnownFileType = sourcecode.swift; path = GistListPresenter.swift; sourceTree = "<group>"; };
		802CA0F829C2FCC200D5178D /* GistListInteractor.swift */ = {isa = PBXFileReference; lastKnownFileType = sourcecode.swift; path = GistListInteractor.swift; sourceTree = "<group>"; };
		802CA0FA29C2FCFD00D5178D /* GistListRouter.swift */ = {isa = PBXFileReference; lastKnownFileType = sourcecode.swift; path = GistListRouter.swift; sourceTree = "<group>"; };
		802CA0FC29C3092000D5178D /* GistListAssembly.swift */ = {isa = PBXFileReference; lastKnownFileType = sourcecode.swift; path = GistListAssembly.swift; sourceTree = "<group>"; };
		809BA97B29B9FA9200BFA22F /* Gister.app */ = {isa = PBXFileReference; explicitFileType = wrapper.application; includeInIndex = 0; path = Gister.app; sourceTree = BUILT_PRODUCTS_DIR; };
		809BA97E29B9FA9200BFA22F /* AppDelegate.swift */ = {isa = PBXFileReference; lastKnownFileType = sourcecode.swift; path = AppDelegate.swift; sourceTree = "<group>"; };
		809BA98029B9FA9200BFA22F /* SceneDelegate.swift */ = {isa = PBXFileReference; lastKnownFileType = sourcecode.swift; path = SceneDelegate.swift; sourceTree = "<group>"; };
		809BA98729B9FA9300BFA22F /* Assets.xcassets */ = {isa = PBXFileReference; lastKnownFileType = folder.assetcatalog; path = Assets.xcassets; sourceTree = "<group>"; };
		809BA98A29B9FA9300BFA22F /* Base */ = {isa = PBXFileReference; lastKnownFileType = file.storyboard; name = Base; path = Base.lproj/LaunchScreen.storyboard; sourceTree = "<group>"; };
		809BA98C29B9FA9300BFA22F /* Info.plist */ = {isa = PBXFileReference; lastKnownFileType = text.plist.xml; path = Info.plist; sourceTree = "<group>"; };
		80F2B22729C323DD0073DD72 /* GistsFetchService.swift */ = {isa = PBXFileReference; lastKnownFileType = sourcecode.swift; path = GistsFetchService.swift; sourceTree = "<group>"; };
		80F2B22A29C324B60073DD72 /* Gist.swift */ = {isa = PBXFileReference; lastKnownFileType = sourcecode.swift; path = Gist.swift; sourceTree = "<group>"; };
		80F2B22D29C3263F0073DD72 /* NetworkService.swift */ = {isa = PBXFileReference; lastKnownFileType = sourcecode.swift; path = NetworkService.swift; sourceTree = "<group>"; };
/* End PBXFileReference section */

/* Begin PBXFrameworksBuildPhase section */
		809BA97829B9FA9200BFA22F /* Frameworks */ = {
			isa = PBXFrameworksBuildPhase;
			buildActionMask = 2147483647;
			files = (
			);
			runOnlyForDeploymentPostprocessing = 0;
		};
/* End PBXFrameworksBuildPhase section */

/* Begin PBXGroup section */
		802CA0F229C2FB9700D5178D /* Scenes */ = {
			isa = PBXGroup;
			children = (
				802CA0F329C2FBAB00D5178D /* GistList */,
			);
			path = Scenes;
			sourceTree = "<group>";
		};
		802CA0F329C2FBAB00D5178D /* GistList */ = {
			isa = PBXGroup;
			children = (
				802CA0FC29C3092000D5178D /* GistListAssembly.swift */,
				802CA0F829C2FCC200D5178D /* GistListInteractor.swift */,
				802CA0F629C2FC7900D5178D /* GistListPresenter.swift */,
				802CA0FA29C2FCFD00D5178D /* GistListRouter.swift */,
				802CA0F429C2FBE000D5178D /* GistListViewController.swift */,
			);
			path = GistList;
			sourceTree = "<group>";
		};
		803801DB29C1B461004D864A /* Resources */ = {
			isa = PBXGroup;
			children = (
				809BA98929B9FA9300BFA22F /* LaunchScreen.storyboard */,
				809BA98729B9FA9300BFA22F /* Assets.xcassets */,
			);
			path = Resources;
			sourceTree = "<group>";
		};
		803801DC29C1B487004D864A /* SupportFiles */ = {
			isa = PBXGroup;
			children = (
				809BA98C29B9FA9300BFA22F /* Info.plist */,
			);
			path = SupportFiles;
			sourceTree = "<group>";
		};
		809BA97229B9FA9200BFA22F = {
			isa = PBXGroup;
			children = (
				809BA97D29B9FA9200BFA22F /* Gister */,
				809BA97C29B9FA9200BFA22F /* Products */,
			);
			sourceTree = "<group>";
		};
		809BA97C29B9FA9200BFA22F /* Products */ = {
			isa = PBXGroup;
			children = (
				809BA97B29B9FA9200BFA22F /* Gister.app */,
			);
			name = Products;
			sourceTree = "<group>";
		};
		809BA97D29B9FA9200BFA22F /* Gister */ = {
			isa = PBXGroup;
			children = (
				809BA97E29B9FA9200BFA22F /* AppDelegate.swift */,
				809BA98029B9FA9200BFA22F /* SceneDelegate.swift */,
				80F2B22929C324AF0073DD72 /* Models */,
				803801DB29C1B461004D864A /* Resources */,
				802CA0F229C2FB9700D5178D /* Scenes */,
				80F2B22529C323C60073DD72 /* Services */,
				803801DC29C1B487004D864A /* SupportFiles */,
			);
			path = Gister;
			sourceTree = "<group>";
		};
		80F2B22529C323C60073DD72 /* Services */ = {
			isa = PBXGroup;
			children = (
				80F2B22629C323D20073DD72 /* GistsFetchService */,
				80F2B22C29C326390073DD72 /* NetworkService */,
			);
			path = Services;
			sourceTree = "<group>";
		};
		80F2B22629C323D20073DD72 /* GistsFetchService */ = {
			isa = PBXGroup;
			children = (
				80F2B22729C323DD0073DD72 /* GistsFetchService.swift */,
			);
			path = GistsFetchService;
			sourceTree = "<group>";
		};
		80F2B22929C324AF0073DD72 /* Models */ = {
			isa = PBXGroup;
			children = (
				80F2B22A29C324B60073DD72 /* Gist.swift */,
			);
			path = Models;
			sourceTree = "<group>";
		};
		80F2B22C29C326390073DD72 /* NetworkService */ = {
			isa = PBXGroup;
			children = (
				80F2B22D29C3263F0073DD72 /* NetworkService.swift */,
			);
			path = NetworkService;
			sourceTree = "<group>";
		};
/* End PBXGroup section */

/* Begin PBXNativeTarget section */
		809BA97A29B9FA9200BFA22F /* Gister */ = {
			isa = PBXNativeTarget;
			buildConfigurationList = 809BA98F29B9FA9300BFA22F /* Build configuration list for PBXNativeTarget "Gister" */;
			buildPhases = (
				803801DA29C1A442004D864A /* Swiftlint */,
				809BA97729B9FA9200BFA22F /* Sources */,
				809BA97829B9FA9200BFA22F /* Frameworks */,
				809BA97929B9FA9200BFA22F /* Resources */,
			);
			buildRules = (
			);
			dependencies = (
			);
			name = Gister;
			productName = Gister;
			productReference = 809BA97B29B9FA9200BFA22F /* Gister.app */;
			productType = "com.apple.product-type.application";
		};
/* End PBXNativeTarget section */

/* Begin PBXProject section */
		809BA97329B9FA9200BFA22F /* Project object */ = {
			isa = PBXProject;
			attributes = {
				BuildIndependentTargetsInParallel = 1;
				LastSwiftUpdateCheck = 1420;
				LastUpgradeCheck = 1420;
				TargetAttributes = {
					809BA97A29B9FA9200BFA22F = {
						CreatedOnToolsVersion = 14.2;
					};
				};
			};
			buildConfigurationList = 809BA97629B9FA9200BFA22F /* Build configuration list for PBXProject "Gister" */;
			compatibilityVersion = "Xcode 14.0";
			developmentRegion = en;
			hasScannedForEncodings = 0;
			knownRegions = (
				en,
				Base,
			);
			mainGroup = 809BA97229B9FA9200BFA22F;
			productRefGroup = 809BA97C29B9FA9200BFA22F /* Products */;
			projectDirPath = "";
			projectRoot = "";
			targets = (
				809BA97A29B9FA9200BFA22F /* Gister */,
			);
		};
/* End PBXProject section */

/* Begin PBXResourcesBuildPhase section */
		809BA97929B9FA9200BFA22F /* Resources */ = {
			isa = PBXResourcesBuildPhase;
			buildActionMask = 2147483647;
			files = (
				809BA98B29B9FA9300BFA22F /* LaunchScreen.storyboard in Resources */,
				809BA98829B9FA9300BFA22F /* Assets.xcassets in Resources */,
			);
			runOnlyForDeploymentPostprocessing = 0;
		};
/* End PBXResourcesBuildPhase section */

/* Begin PBXShellScriptBuildPhase section */
		803801DA29C1A442004D864A /* Swiftlint */ = {
			isa = PBXShellScriptBuildPhase;
			alwaysOutOfDate = 1;
			buildActionMask = 2147483647;
			files = (
			);
			inputFileListPaths = (
			);
			inputPaths = (
			);
			name = Swiftlint;
			outputFileListPaths = (
			);
			outputPaths = (
			);
			runOnlyForDeploymentPostprocessing = 0;
			shellPath = /bin/sh;
			shellScript = "export PATH=\"$PATH:/opt/homebrew/bin\"\nif which swiftlint > /dev/null; then\n  swiftlint --fix\nelse\n  echo \"warning: SwiftLint not installed, download from https://github.com/realm/SwiftLint\"\nfi\n";
		};
/* End PBXShellScriptBuildPhase section */

/* Begin PBXSourcesBuildPhase section */
		809BA97729B9FA9200BFA22F /* Sources */ = {
			isa = PBXSourcesBuildPhase;
			buildActionMask = 2147483647;
			files = (
				80F2B22E29C3263F0073DD72 /* NetworkService.swift in Sources */,
				809BA97F29B9FA9200BFA22F /* AppDelegate.swift in Sources */,
				802CA0FD29C3092000D5178D /* GistListAssembly.swift in Sources */,
				80F2B22B29C324B60073DD72 /* Gist.swift in Sources */,
				802CA0F729C2FC7900D5178D /* GistListPresenter.swift in Sources */,
				809BA98129B9FA9200BFA22F /* SceneDelegate.swift in Sources */,
				802CA0FB29C2FCFD00D5178D /* GistListRouter.swift in Sources */,
				802CA0F529C2FBE100D5178D /* GistListViewController.swift in Sources */,
				802CA0F929C2FCC200D5178D /* GistListInteractor.swift in Sources */,
				80F2B22829C323DD0073DD72 /* GistsFetchService.swift in Sources */,
			);
			runOnlyForDeploymentPostprocessing = 0;
		};
/* End PBXSourcesBuildPhase section */

/* Begin PBXVariantGroup section */
		809BA98929B9FA9300BFA22F /* LaunchScreen.storyboard */ = {
			isa = PBXVariantGroup;
			children = (
				809BA98A29B9FA9300BFA22F /* Base */,
			);
			name = LaunchScreen.storyboard;
			sourceTree = "<group>";
		};
/* End PBXVariantGroup section */

/* Begin XCBuildConfiguration section */
		809BA98D29B9FA9300BFA22F /* Debug */ = {
			isa = XCBuildConfiguration;
			buildSettings = {
				ALWAYS_SEARCH_USER_PATHS = NO;
				CLANG_ANALYZER_NONNULL = YES;
				CLANG_ANALYZER_NUMBER_OBJECT_CONVERSION = YES_AGGRESSIVE;
				CLANG_CXX_LANGUAGE_STANDARD = "gnu++20";
				CLANG_ENABLE_MODULES = YES;
				CLANG_ENABLE_OBJC_ARC = YES;
				CLANG_ENABLE_OBJC_WEAK = YES;
				CLANG_WARN_BLOCK_CAPTURE_AUTORELEASING = YES;
				CLANG_WARN_BOOL_CONVERSION = YES;
				CLANG_WARN_COMMA = YES;
				CLANG_WARN_CONSTANT_CONVERSION = YES;
				CLANG_WARN_DEPRECATED_OBJC_IMPLEMENTATIONS = YES;
				CLANG_WARN_DIRECT_OBJC_ISA_USAGE = YES_ERROR;
				CLANG_WARN_DOCUMENTATION_COMMENTS = YES;
				CLANG_WARN_EMPTY_BODY = YES;
				CLANG_WARN_ENUM_CONVERSION = YES;
				CLANG_WARN_INFINITE_RECURSION = YES;
				CLANG_WARN_INT_CONVERSION = YES;
				CLANG_WARN_NON_LITERAL_NULL_CONVERSION = YES;
				CLANG_WARN_OBJC_IMPLICIT_RETAIN_SELF = YES;
				CLANG_WARN_OBJC_LITERAL_CONVERSION = YES;
				CLANG_WARN_OBJC_ROOT_CLASS = YES_ERROR;
				CLANG_WARN_QUOTED_INCLUDE_IN_FRAMEWORK_HEADER = YES;
				CLANG_WARN_RANGE_LOOP_ANALYSIS = YES;
				CLANG_WARN_STRICT_PROTOTYPES = YES;
				CLANG_WARN_SUSPICIOUS_MOVE = YES;
				CLANG_WARN_UNGUARDED_AVAILABILITY = YES_AGGRESSIVE;
				CLANG_WARN_UNREACHABLE_CODE = YES;
				CLANG_WARN__DUPLICATE_METHOD_MATCH = YES;
				COPY_PHASE_STRIP = NO;
				DEBUG_INFORMATION_FORMAT = dwarf;
				ENABLE_STRICT_OBJC_MSGSEND = YES;
				ENABLE_TESTABILITY = YES;
				GCC_C_LANGUAGE_STANDARD = gnu11;
				GCC_DYNAMIC_NO_PIC = NO;
				GCC_NO_COMMON_BLOCKS = YES;
				GCC_OPTIMIZATION_LEVEL = 0;
				GCC_PREPROCESSOR_DEFINITIONS = (
					"DEBUG=1",
					"$(inherited)",
				);
				GCC_WARN_64_TO_32_BIT_CONVERSION = YES;
				GCC_WARN_ABOUT_RETURN_TYPE = YES_ERROR;
				GCC_WARN_UNDECLARED_SELECTOR = YES;
				GCC_WARN_UNINITIALIZED_AUTOS = YES_AGGRESSIVE;
				GCC_WARN_UNUSED_FUNCTION = YES;
				GCC_WARN_UNUSED_VARIABLE = YES;
				IPHONEOS_DEPLOYMENT_TARGET = 16.2;
				MTL_ENABLE_DEBUG_INFO = INCLUDE_SOURCE;
				MTL_FAST_MATH = YES;
				ONLY_ACTIVE_ARCH = YES;
				SDKROOT = iphoneos;
				SWIFT_ACTIVE_COMPILATION_CONDITIONS = DEBUG;
				SWIFT_OPTIMIZATION_LEVEL = "-Onone";
			};
			name = Debug;
		};
		809BA98E29B9FA9300BFA22F /* Release */ = {
			isa = XCBuildConfiguration;
			buildSettings = {
				ALWAYS_SEARCH_USER_PATHS = NO;
				CLANG_ANALYZER_NONNULL = YES;
				CLANG_ANALYZER_NUMBER_OBJECT_CONVERSION = YES_AGGRESSIVE;
				CLANG_CXX_LANGUAGE_STANDARD = "gnu++20";
				CLANG_ENABLE_MODULES = YES;
				CLANG_ENABLE_OBJC_ARC = YES;
				CLANG_ENABLE_OBJC_WEAK = YES;
				CLANG_WARN_BLOCK_CAPTURE_AUTORELEASING = YES;
				CLANG_WARN_BOOL_CONVERSION = YES;
				CLANG_WARN_COMMA = YES;
				CLANG_WARN_CONSTANT_CONVERSION = YES;
				CLANG_WARN_DEPRECATED_OBJC_IMPLEMENTATIONS = YES;
				CLANG_WARN_DIRECT_OBJC_ISA_USAGE = YES_ERROR;
				CLANG_WARN_DOCUMENTATION_COMMENTS = YES;
				CLANG_WARN_EMPTY_BODY = YES;
				CLANG_WARN_ENUM_CONVERSION = YES;
				CLANG_WARN_INFINITE_RECURSION = YES;
				CLANG_WARN_INT_CONVERSION = YES;
				CLANG_WARN_NON_LITERAL_NULL_CONVERSION = YES;
				CLANG_WARN_OBJC_IMPLICIT_RETAIN_SELF = YES;
				CLANG_WARN_OBJC_LITERAL_CONVERSION = YES;
				CLANG_WARN_OBJC_ROOT_CLASS = YES_ERROR;
				CLANG_WARN_QUOTED_INCLUDE_IN_FRAMEWORK_HEADER = YES;
				CLANG_WARN_RANGE_LOOP_ANALYSIS = YES;
				CLANG_WARN_STRICT_PROTOTYPES = YES;
				CLANG_WARN_SUSPICIOUS_MOVE = YES;
				CLANG_WARN_UNGUARDED_AVAILABILITY = YES_AGGRESSIVE;
				CLANG_WARN_UNREACHABLE_CODE = YES;
				CLANG_WARN__DUPLICATE_METHOD_MATCH = YES;
				COPY_PHASE_STRIP = NO;
				DEBUG_INFORMATION_FORMAT = "dwarf-with-dsym";
				ENABLE_NS_ASSERTIONS = NO;
				ENABLE_STRICT_OBJC_MSGSEND = YES;
				GCC_C_LANGUAGE_STANDARD = gnu11;
				GCC_NO_COMMON_BLOCKS = YES;
				GCC_WARN_64_TO_32_BIT_CONVERSION = YES;
				GCC_WARN_ABOUT_RETURN_TYPE = YES_ERROR;
				GCC_WARN_UNDECLARED_SELECTOR = YES;
				GCC_WARN_UNINITIALIZED_AUTOS = YES_AGGRESSIVE;
				GCC_WARN_UNUSED_FUNCTION = YES;
				GCC_WARN_UNUSED_VARIABLE = YES;
				IPHONEOS_DEPLOYMENT_TARGET = 16.2;
				MTL_ENABLE_DEBUG_INFO = NO;
				MTL_FAST_MATH = YES;
				SDKROOT = iphoneos;
				SWIFT_COMPILATION_MODE = wholemodule;
				SWIFT_OPTIMIZATION_LEVEL = "-O";
				VALIDATE_PRODUCT = YES;
			};
			name = Release;
		};
		809BA99029B9FA9300BFA22F /* Debug */ = {
			isa = XCBuildConfiguration;
			buildSettings = {
				ASSETCATALOG_COMPILER_APPICON_NAME = AppIcon;
				ASSETCATALOG_COMPILER_GLOBAL_ACCENT_COLOR_NAME = AccentColor;
				CODE_SIGN_STYLE = Automatic;
				CURRENT_PROJECT_VERSION = 1;
				DEVELOPMENT_TEAM = AUZF4B9TJ6;
				GENERATE_INFOPLIST_FILE = YES;
				INFOPLIST_FILE = Gister/SupportFiles/Info.plist;
				INFOPLIST_KEY_UIApplicationSupportsIndirectInputEvents = YES;
				INFOPLIST_KEY_UILaunchStoryboardName = LaunchScreen;
				INFOPLIST_KEY_UISupportedInterfaceOrientations_iPad = "UIInterfaceOrientationPortrait UIInterfaceOrientationPortraitUpsideDown UIInterfaceOrientationLandscapeLeft UIInterfaceOrientationLandscapeRight";
				INFOPLIST_KEY_UISupportedInterfaceOrientations_iPhone = "UIInterfaceOrientationPortrait UIInterfaceOrientationLandscapeLeft UIInterfaceOrientationLandscapeRight";
				IPHONEOS_DEPLOYMENT_TARGET = 16.0;
				LD_RUNPATH_SEARCH_PATHS = (
					"$(inherited)",
					"@executable_path/Frameworks",
				);
				MARKETING_VERSION = 1.0;
				PRODUCT_BUNDLE_IDENTIFIER = com.brydeful.Gister;
				PRODUCT_NAME = "$(TARGET_NAME)";
				SUPPORTED_PLATFORMS = "iphoneos iphonesimulator";
				SUPPORTS_MACCATALYST = NO;
				SUPPORTS_MAC_DESIGNED_FOR_IPHONE_IPAD = NO;
				SWIFT_EMIT_LOC_STRINGS = YES;
				SWIFT_VERSION = 5.0;
				TARGETED_DEVICE_FAMILY = 1;
			};
			name = Debug;
		};
		809BA99129B9FA9300BFA22F /* Release */ = {
			isa = XCBuildConfiguration;
			buildSettings = {
				ASSETCATALOG_COMPILER_APPICON_NAME = AppIcon;
				ASSETCATALOG_COMPILER_GLOBAL_ACCENT_COLOR_NAME = AccentColor;
				CODE_SIGN_STYLE = Automatic;
				CURRENT_PROJECT_VERSION = 1;
				DEVELOPMENT_TEAM = AUZF4B9TJ6;
				GENERATE_INFOPLIST_FILE = YES;
				INFOPLIST_FILE = Gister/SupportFiles/Info.plist;
				INFOPLIST_KEY_UIApplicationSupportsIndirectInputEvents = YES;
				INFOPLIST_KEY_UILaunchStoryboardName = LaunchScreen;
				INFOPLIST_KEY_UISupportedInterfaceOrientations_iPad = "UIInterfaceOrientationPortrait UIInterfaceOrientationPortraitUpsideDown UIInterfaceOrientationLandscapeLeft UIInterfaceOrientationLandscapeRight";
				INFOPLIST_KEY_UISupportedInterfaceOrientations_iPhone = "UIInterfaceOrientationPortrait UIInterfaceOrientationLandscapeLeft UIInterfaceOrientationLandscapeRight";
				IPHONEOS_DEPLOYMENT_TARGET = 16.0;
				LD_RUNPATH_SEARCH_PATHS = (
					"$(inherited)",
					"@executable_path/Frameworks",
				);
				MARKETING_VERSION = 1.0;
				PRODUCT_BUNDLE_IDENTIFIER = com.brydeful.Gister;
				PRODUCT_NAME = "$(TARGET_NAME)";
				SUPPORTED_PLATFORMS = "iphoneos iphonesimulator";
				SUPPORTS_MACCATALYST = NO;
				SUPPORTS_MAC_DESIGNED_FOR_IPHONE_IPAD = NO;
				SWIFT_EMIT_LOC_STRINGS = YES;
				SWIFT_VERSION = 5.0;
				TARGETED_DEVICE_FAMILY = 1;
			};
			name = Release;
		};
/* End XCBuildConfiguration section */

/* Begin XCConfigurationList section */
		809BA97629B9FA9200BFA22F /* Build configuration list for PBXProject "Gister" */ = {
			isa = XCConfigurationList;
			buildConfigurations = (
				809BA98D29B9FA9300BFA22F /* Debug */,
				809BA98E29B9FA9300BFA22F /* Release */,
			);
			defaultConfigurationIsVisible = 0;
			defaultConfigurationName = Release;
		};
		809BA98F29B9FA9300BFA22F /* Build configuration list for PBXNativeTarget "Gister" */ = {
			isa = XCConfigurationList;
			buildConfigurations = (
				809BA99029B9FA9300BFA22F /* Debug */,
				809BA99129B9FA9300BFA22F /* Release */,
			);
			defaultConfigurationIsVisible = 0;
			defaultConfigurationName = Release;
		};
/* End XCConfigurationList section */
	};
	rootObject = 809BA97329B9FA9200BFA22F /* Project object */;
}
